
Microsoft Visual Studio Solution File, Format Version 12.00
# Visual Studio Version 16
VisualStudioVersion = 16.0.31321.278
MinimumVisualStudioVersion = 10.0.40219.1
Project("{FAE04EC0-301F-11D3-BF4B-00C04F79EFBC}") = "Reclamaciones", "Reclamaciones\Reclamaciones.csproj", "{B81B874A-DC0E-4548-A2BF-16F764C75517}"
EndProject
Global
	GlobalSection(SolutionConfigurationPlatforms) = preSolution
		Debug|Any CPU = Debug|Any CPU
		Release|Any CPU = Release|Any CPU
	EndGlobalSection
	GlobalSection(ProjectConfigurationPlatforms) = postSolution
		{B81B874A-DC0E-4548-A2BF-16F764C75517}.Debug|Any CPU.ActiveCfg = Debug|Any CPU
		{B81B874A-DC0E-4548-A2BF-16F764C75517}.Debug|Any CPU.Build.0 = Debug|Any CPU
		{B81B874A-DC0E-4548-A2BF-16F764C75517}.Release|Any CPU.ActiveCfg = Release|Any CPU
		{B81B874A-DC0E-4548-A2BF-16F764C75517}.Release|Any CPU.Build.0 = Release|Any CPU
	EndGlobalSection
	GlobalSection(SolutionProperties) = preSolution
		HideSolutionNode = FALSE
	EndGlobalSection
	GlobalSection(ExtensibilityGlobals) = postSolution
		SolutionGuid = {9DF65F5B-9D59-4E5A-9FB8-6CC147FA9668}
	EndGlobalSection
EndGlobal
